<?xml version="1.0" encoding="utf-8"?>
<Project ToolsVersion="4.0" xmlns="http://schemas.microsoft.com/developer/msbuild/2003">
  <ItemGroup>
    <ClCompile Include="engine\debugbt\DebugLog.cpp" />
    <ClCompile Include="engine\GameEngine.cpp" />
    <ClCompile Include="engine\graphics\Renderer.cpp" />
    <ClCompile Include="engine\graphics\ShaderManager.cpp" />
    <ClCompile Include="GameObject.cpp" />
    <ClCompile Include="engine\input\Input.cpp" />
    <ClCompile Include="glad.c" />
    <ClCompile Include="Main.cpp" />
    <ClCompile Include="util\FileManager.cpp" />
    <ClCompile Include="Behaviour.cpp" />
  </ItemGroup>
  <ItemGroup>
    <ClInclude Include="engine\debugbt\DebugLog.h" />
    <ClInclude Include="engine\GameEngine.h" />
    <ClInclude Include="engine\graphics\Renderer.h" />
    <ClInclude Include="engine\graphics\ShaderManager.h" />
    <ClInclude Include="GameObject.h" />
    <ClInclude Include="engine\input\Input.h" />
    <ClInclude Include="util\FileManager.h" />
    <ClInclude Include="Behaviour.h" />
  </ItemGroup>
  <ItemGroup>
    <None Include="engine\graphics\shaders\FragmentShader.glsl" />
    <None Include="engine\graphics\shaders\VertexShader.glsl" />
  </ItemGroup>
</Project>