<?xml version="1.0" encoding="utf-8"?>
<Project ToolsVersion="4.0" xmlns="http://schemas.microsoft.com/developer/msbuild/2003">
  <ItemGroup>
    <Filter Include="Source Files">
      <UniqueIdentifier>{4FC737F1-C7A5-4376-A066-2A32D752A2FF}</UniqueIdentifier>
      <Extensions>cpp;c;cc;cxx;def;odl;idl;hpj;bat;asm;asmx</Extensions>
    </Filter>
    <Filter Include="Header Files">
      <UniqueIdentifier>{93995380-89BD-4b04-88EB-625FBE52EBFB}</UniqueIdentifier>
      <Extensions>h;hh;hpp;hxx;hm;inl;inc;ipp;xsd</Extensions>
    </Filter>
    <Filter Include="Resource Files">
      <UniqueIdentifier>{67DA6AB6-F800-4c08-8B7A-83BB121AAD01}</UniqueIdentifier>
      <Extensions>rc;ico;cur;bmp;dlg;rc2;rct;bin;rgs;gif;jpg;jpeg;jpe;resx;tiff;tif;png;wav;mfcribbon-ms</Extensions>
    </Filter>
    <Filter Include="Source Files\engine">
      <UniqueIdentifier>{8ea0e063-64a5-4976-8b92-d6e52e8fac3f}</UniqueIdentifier>
    </Filter>
    <Filter Include="Source Files\engine\debugbt">
      <UniqueIdentifier>{138b137f-9d33-4bac-9f99-a4193b878afd}</UniqueIdentifier>
    </Filter>
    <Filter Include="Source Files\engine\graphics">
      <UniqueIdentifier>{4bc5ec90-6ede-4e9b-9f7c-3a84e62d00ca}</UniqueIdentifier>
    </Filter>
    <Filter Include="Source Files\util">
      <UniqueIdentifier>{d57af584-dd06-4a6d-a35a-6779e261ecf3}</UniqueIdentifier>
    </Filter>
    <Filter Include="Source Files\engine\input">
      <UniqueIdentifier>{1d16b429-6d49-4663-9f06-cf0422fb0ea1}</UniqueIdentifier>
    </Filter>
    <Filter Include="Source Files\engine\sound">
      <UniqueIdentifier>{c1167587-40b9-4997-8db1-fa581abbec43}</UniqueIdentifier>
    </Filter>
    <Filter Include="Source Files\engine\physics">
      <UniqueIdentifier>{bc39fee8-f452-43af-b9fc-0a33f50f66f1}</UniqueIdentifier>
    </Filter>
    <Filter Include="Source Files\engine\behaviours">
      <UniqueIdentifier>{9feadcdd-a8e0-4fdb-aae0-8d64d62255ff}</UniqueIdentifier>
    </Filter>
    <Filter Include="Source Files\engine\behaviours\Lighting">
      <UniqueIdentifier>{baf4a58e-998c-44dd-905b-cc6c5a4fdae8}</UniqueIdentifier>
    </Filter>
  </ItemGroup>
  <ItemGroup>
    <ClCompile Include="glad.c">
      <Filter>Source Files</Filter>
    </ClCompile>
    <ClCompile Include="engine\GameEngine.cpp">
      <Filter>Source Files\engine</Filter>
    </ClCompile>
    <ClCompile Include="engine\debugbt\DebugLog.cpp">
      <Filter>Source Files\engine\debugbt</Filter>
    </ClCompile>
    <ClCompile Include="engine\graphics\Renderer.cpp">
      <Filter>Source Files\engine\graphics</Filter>
    </ClCompile>
    <ClCompile Include="engine\graphics\ShaderManager.cpp">
      <Filter>Source Files\engine\graphics</Filter>
    </ClCompile>
    <ClCompile Include="util\FileManager.cpp">
      <Filter>Source Files\util</Filter>
    </ClCompile>
    <ClCompile Include="engine\input\Input.cpp">
      <Filter>Source Files\engine\input</Filter>
    </ClCompile>
    <ClCompile Include="engine\graphics\Camera.cpp">
      <Filter>Source Files\engine\graphics</Filter>
    </ClCompile>
    <ClCompile Include="engine\graphics\Shader.cpp">
      <Filter>Source Files\engine\graphics</Filter>
    </ClCompile>
    <ClCompile Include="engine\sound\Sound.cpp">
      <Filter>Source Files\engine\sound</Filter>
    </ClCompile>
    <ClCompile Include="engine\sound\SoundManager.cpp">
      <Filter>Source Files\engine\sound</Filter>
    </ClCompile>
    <ClCompile Include="engine\GameObject.cpp">
      <Filter>Source Files\engine</Filter>
    </ClCompile>
    <ClCompile Include="engine\Scene.cpp">
      <Filter>Source Files\engine</Filter>
    </ClCompile>
    <ClCompile Include="engine\physics\PhysicsEngine.cpp">
      <Filter>Source Files\engine\physics</Filter>
    </ClCompile>
    <ClCompile Include="engine\physics\PhysicsObject.cpp">
      <Filter>Source Files\engine\physics</Filter>
    </ClCompile>
    <ClCompile Include="engine\physics\SphereCollider.cpp">
      <Filter>Source Files\engine\physics</Filter>
    </ClCompile>
    <ClCompile Include="engine\physics\Collider.cpp">
      <Filter>Source Files\engine\physics</Filter>
    </ClCompile>
    <ClCompile Include="engine\behaviours\Behaviour.cpp">
      <Filter>Source Files\engine\behaviours</Filter>
    </ClCompile>
    <ClCompile Include="engine\behaviours\MeshRenderer.cpp">
      <Filter>Source Files\engine\behaviours</Filter>
    </ClCompile>
    <ClCompile Include="engine\MessageSystem.cpp">
      <Filter>Source Files\engine</Filter>
    </ClCompile>
    <ClCompile Include="engine\graphics\Texture.cpp">
      <Filter>Source Files\engine\graphics</Filter>
    </ClCompile>
    <ClCompile Include="engine\sound\Music.cpp">
      <Filter>Source Files\engine\sound</Filter>
    </ClCompile>
    <ClCompile Include="engine\GameWindow.cpp">
      <Filter>Source Files\engine</Filter>
    </ClCompile>
    <ClCompile Include="util\MeshManager.cpp">
      <Filter>Source Files\util</Filter>
    </ClCompile>
    <ClCompile Include="engine\graphics\GeometryBuffer.cpp">
      <Filter>Source Files\engine\graphics</Filter>
    </ClCompile>
    <ClCompile Include="engine\behaviours\Light.cpp">
      <Filter>Source Files\engine\behaviours\Lighting</Filter>
    </ClCompile>
    <ClCompile Include="engine\behaviours\PointLight.cpp">
      <Filter>Source Files\engine\behaviours\Lighting</Filter>
    </ClCompile>
    <ClCompile Include="engine\behaviours\DirectionalLight.cpp">
      <Filter>Source Files\engine\behaviours\Lighting</Filter>
    </ClCompile>
    <ClCompile Include="engine\behaviours\SpotLight.cpp">
      <Filter>Source Files\engine\behaviours\Lighting</Filter>
    </ClCompile>
    <ClCompile Include="engine\graphics\TextRenderer.cpp">
      <Filter>Source Files\engine\graphics</Filter>
    </ClCompile>
    <ClCompile Include="engine\behaviours\TextBehaviour.cpp">
      <Filter>Source Files\engine\behaviours</Filter>
    </ClCompile>
    <ClCompile Include="engine\graphics\ShadowBuffer.cpp">
      <Filter>Source Files\engine\graphics</Filter>
    </ClCompile>
    <ClCompile Include="engine\behaviours\PhysicsBehaviour.cpp">
      <Filter>Source Files\engine\behaviours</Filter>
    </ClCompile>
    <ClCompile Include="..\libraries\includes\imgui\imgui.cpp">
      <Filter>Source Files</Filter>
    </ClCompile>
    <ClCompile Include="..\libraries\includes\imgui\imgui_demo.cpp">
      <Filter>Source Files</Filter>
    </ClCompile>
    <ClCompile Include="..\libraries\includes\imgui\imgui_draw.cpp">
      <Filter>Source Files</Filter>
    </ClCompile>
    <ClCompile Include="..\libraries\includes\imgui\imgui_impl_opengl3.cpp">
      <Filter>Source Files</Filter>
    </ClCompile>
    <ClCompile Include="..\libraries\includes\imgui\imgui_impl_sdl.cpp">
      <Filter>Source Files</Filter>
    </ClCompile>
    <ClCompile Include="..\libraries\includes\imgui\imgui_widgets.cpp">
      <Filter>Source Files</Filter>
    </ClCompile>
    <ClCompile Include="engine\behaviours\UIMenuBehaviour.cpp">
      <Filter>Source Files\engine\behaviours</Filter>
    </ClCompile>
    <ClCompile Include="engine\behaviours\UIImageBehaviour.cpp">
      <Filter>Source Files\engine\behaviours</Filter>
    </ClCompile>
    <ClCompile Include="engine\behaviours\UITextBehaviour.cpp">
      <Filter>Source Files</Filter>
    </ClCompile>
  </ItemGroup>
  <ItemGroup>
    <ClInclude Include="engine\GameEngine.h">
      <Filter>Source Files\engine</Filter>
    </ClInclude>
    <ClInclude Include="engine\debugbt\DebugLog.h">
      <Filter>Source Files\engine\debugbt</Filter>
    </ClInclude>
    <ClInclude Include="engine\graphics\Renderer.h">
      <Filter>Source Files\engine\graphics</Filter>
    </ClInclude>
    <ClInclude Include="engine\graphics\ShaderManager.h">
      <Filter>Source Files\engine\graphics</Filter>
    </ClInclude>
    <ClInclude Include="util\FileManager.h">
      <Filter>Source Files\util</Filter>
    </ClInclude>
    <ClInclude Include="engine\input\Input.h">
      <Filter>Source Files\engine\input</Filter>
    </ClInclude>
    <ClInclude Include="engine\graphics\Camera.h">
      <Filter>Source Files\engine\graphics</Filter>
    </ClInclude>
    <ClInclude Include="engine\graphics\Shader.h">
      <Filter>Source Files\engine\graphics</Filter>
    </ClInclude>
    <ClInclude Include="engine\sound\Sound.h">
      <Filter>Source Files\engine\sound</Filter>
    </ClInclude>
    <ClInclude Include="engine\sound\SoundManager.h">
      <Filter>Source Files\engine\sound</Filter>
    </ClInclude>
    <ClInclude Include="engine\GameObject.h">
      <Filter>Source Files\engine</Filter>
    </ClInclude>
    <ClInclude Include="engine\Scene.h">
      <Filter>Source Files\engine</Filter>
    </ClInclude>
    <ClInclude Include="engine\physics\Collider.h">
      <Filter>Source Files\engine\physics</Filter>
    </ClInclude>
    <ClInclude Include="engine\physics\PhysicsEngine.h">
      <Filter>Source Files\engine\physics</Filter>
    </ClInclude>
    <ClInclude Include="engine\physics\PhysicsObject.h">
      <Filter>Source Files\engine\physics</Filter>
    </ClInclude>
    <ClInclude Include="engine\physics\SphereCollider.h">
      <Filter>Source Files\engine\physics</Filter>
    </ClInclude>
    <ClInclude Include="engine\behaviours\Behaviour.h">
      <Filter>Source Files\engine\behaviours</Filter>
    </ClInclude>
    <ClInclude Include="engine\behaviours\MeshRenderer.h">
      <Filter>Source Files\engine\behaviours</Filter>
    </ClInclude>
    <ClInclude Include="engine\MessageSystem.h">
      <Filter>Source Files\engine</Filter>
    </ClInclude>
    <ClInclude Include="engine\GameWindow.h">
      <Filter>Source Files\engine</Filter>
    </ClInclude>
    <ClInclude Include="engine\graphics\Texture.h">
      <Filter>Source Files\engine\graphics</Filter>
    </ClInclude>
    <ClInclude Include="engine\sound\Music.h">
      <Filter>Source Files\engine\sound</Filter>
    </ClInclude>
    <ClInclude Include="util\MeshManager.h">
      <Filter>Source Files\util</Filter>
    </ClInclude>
    <ClInclude Include="engine\graphics\GeometryBuffer.h">
      <Filter>Source Files\engine\graphics</Filter>
    </ClInclude>
    <ClInclude Include="engine\behaviours\Light.h">
      <Filter>Source Files\engine\behaviours\Lighting</Filter>
    </ClInclude>
    <ClInclude Include="engine\behaviours\PointLight.h">
      <Filter>Source Files\engine\behaviours\Lighting</Filter>
    </ClInclude>
    <ClInclude Include="engine\behaviours\DirectionalLight.h">
      <Filter>Source Files\engine\behaviours\Lighting</Filter>
    </ClInclude>
    <ClInclude Include="engine\behaviours\SpotLight.h">
      <Filter>Source Files\engine\behaviours\Lighting</Filter>
    </ClInclude>
    <ClInclude Include="engine\graphics\TextRenderer.h">
      <Filter>Source Files\engine\graphics</Filter>
    </ClInclude>
    <ClInclude Include="engine\behaviours\TextBehaviour.h">
      <Filter>Source Files\engine\behaviours</Filter>
    </ClInclude>
    <ClInclude Include="engine\graphics\ShadowBuffer.h">
      <Filter>Source Files\engine\graphics</Filter>
    </ClInclude>
    <ClInclude Include="engine\behaviours\PhysicsBehaviour.h">
      <Filter>Source Files\engine\behaviours</Filter>
    </ClInclude>
    <ClInclude Include="..\libraries\includes\imgui\imconfig.h">
      <Filter>Header Files</Filter>
    </ClInclude>
    <ClInclude Include="..\libraries\includes\imgui\imgui.h">
      <Filter>Header Files</Filter>
    </ClInclude>
    <ClInclude Include="..\libraries\includes\imgui\imgui_impl_opengl3.h">
      <Filter>Header Files</Filter>
    </ClInclude>
    <ClInclude Include="..\libraries\includes\imgui\imgui_impl_sdl.h">
      <Filter>Header Files</Filter>
    </ClInclude>
    <ClInclude Include="..\libraries\includes\imgui\imgui_internal.h">
      <Filter>Header Files</Filter>
    </ClInclude>
    <ClInclude Include="..\libraries\includes\imgui\imstb_rectpack.h">
      <Filter>Header Files</Filter>
    </ClInclude>
    <ClInclude Include="..\libraries\includes\imgui\imstb_textedit.h">
      <Filter>Header Files</Filter>
    </ClInclude>
    <ClInclude Include="..\libraries\includes\imgui\imstb_truetype.h">
      <Filter>Header Files</Filter>
    </ClInclude>
    <ClInclude Include="engine\behaviours\UIMenuBehaviour.h">
      <Filter>Source Files\engine\behaviours</Filter>
    </ClInclude>
    <ClInclude Include="engine\behaviours\UIImageBehaviour.h">
      <Filter>Source Files\engine\behaviours</Filter>
    </ClInclude>
    <ClInclude Include="engine\behaviours\UITextBehaviour.h">
      <Filter>Header Files</Filter>
    </ClInclude>
  </ItemGroup>
</Project>